
Microsoft Visual Studio Solution File, Format Version 12.00
# Visual Studio Version 17
VisualStudioVersion = 17.1.32414.318
MinimumVisualStudioVersion = 10.0.40219.1
Project("{FAE04EC0-301F-11D3-BF4B-00C04F79EFBC}") = "Cwiczenia4", "Cwiczenia4\Cwiczenia4.csproj", "{BBD413B5-BEAA-4889-A25C-A4F55F1AB03F}"
EndProject
Global
	GlobalSection(SolutionConfigurationPlatforms) = preSolution
		Debug|Any CPU = Debug|Any CPU
		Release|Any CPU = Release|Any CPU
	EndGlobalSection
	GlobalSection(ProjectConfigurationPlatforms) = postSolution
		{BBD413B5-BEAA-4889-A25C-A4F55F1AB03F}.Debug|Any CPU.ActiveCfg = Debug|Any CPU
		{BBD413B5-BEAA-4889-A25C-A4F55F1AB03F}.Debug|Any CPU.Build.0 = Debug|Any CPU
		{BBD413B5-BEAA-4889-A25C-A4F55F1AB03F}.Release|Any CPU.ActiveCfg = Release|Any CPU
		{BBD413B5-BEAA-4889-A25C-A4F55F1AB03F}.Release|Any CPU.Build.0 = Release|Any CPU
	EndGlobalSection
	GlobalSection(SolutionProperties) = preSolution
		HideSolutionNode = FALSE
	EndGlobalSection
	GlobalSection(ExtensibilityGlobals) = postSolution
		SolutionGuid = {8E0BFB29-2C64-45AC-AF2D-11B7FF6E4900}
	EndGlobalSection
EndGlobal
